
Microsoft Visual Studio Solution File, Format Version 12.00
# Visual Studio Version 17
VisualStudioVersion = 17.5.002.0
MinimumVisualStudioVersion = 10.0.40219.1
Project("{9A19103F-16F7-4668-BE54-9A1E7A4F7556}") = "RestaurantSystem", "RestaurantSystem.csproj", "{51125D7C-3595-47BD-BE5A-9E22EFAE9484}"
EndProject
Global
	GlobalSection(SolutionConfigurationPlatforms) = preSolution
		Debug|Any CPU = Debug|Any CPU
		Release|Any CPU = Release|Any CPU
	EndGlobalSection
	GlobalSection(ProjectConfigurationPlatforms) = postSolution
		{51125D7C-3595-47BD-BE5A-9E22EFAE9484}.Debug|Any CPU.ActiveCfg = Debug|Any CPU
		{51125D7C-3595-47BD-BE5A-9E22EFAE9484}.Debug|Any CPU.Build.0 = Debug|Any CPU
		{51125D7C-3595-47BD-BE5A-9E22EFAE9484}.Release|Any CPU.ActiveCfg = Release|Any CPU
		{51125D7C-3595-47BD-BE5A-9E22EFAE9484}.Release|Any CPU.Build.0 = Release|Any CPU
	EndGlobalSection
	GlobalSection(SolutionProperties) = preSolution
		HideSolutionNode = FALSE
	EndGlobalSection
	GlobalSection(ExtensibilityGlobals) = postSolution
		SolutionGuid = {AE0A7962-6B95-4C61-804C-36CDB2A190E6}
	EndGlobalSection
EndGlobal
